
Microsoft Visual Studio Solution File, Format Version 10.00
# Visual Studio 2008
Project("{FAE04EC0-301F-11D3-BF4B-00C04F79EFBC}") = "MdxFormatter", "MdxFormatter\MdxFormatter.csproj", "{1FA90CAD-ACA9-4397-86F3-11CD5F658D70}"
EndProject
Project("{FAE04EC0-301F-11D3-BF4B-00C04F79EFBC}") = "MdxFormatter.SilverLight", "MdxFormatter.SilverLight\MdxFormatter.SilverLight.csproj", "{3A01BB53-38F8-4B94-974B-FB3B80DD2781}"
EndProject
Global
	GlobalSection(SolutionConfigurationPlatforms) = preSolution
		Debug|Any CPU = Debug|Any CPU
		Release|Any CPU = Release|Any CPU
	EndGlobalSection
	GlobalSection(ProjectConfigurationPlatforms) = postSolution
		{1FA90CAD-ACA9-4397-86F3-11CD5F658D70}.Debug|Any CPU.ActiveCfg = Debug|Any CPU
		{1FA90CAD-ACA9-4397-86F3-11CD5F658D70}.Debug|Any CPU.Build.0 = Debug|Any CPU
		{1FA90CAD-ACA9-4397-86F3-11CD5F658D70}.Release|Any CPU.ActiveCfg = Release|Any CPU
		{1FA90CAD-ACA9-4397-86F3-11CD5F658D70}.Release|Any CPU.Build.0 = Release|Any CPU
		{3A01BB53-38F8-4B94-974B-FB3B80DD2781}.Debug|Any CPU.ActiveCfg = Debug|Any CPU
		{3A01BB53-38F8-4B94-974B-FB3B80DD2781}.Debug|Any CPU.Build.0 = Debug|Any CPU
		{3A01BB53-38F8-4B94-974B-FB3B80DD2781}.Release|Any CPU.ActiveCfg = Release|Any CPU
		{3A01BB53-38F8-4B94-974B-FB3B80DD2781}.Release|Any CPU.Build.0 = Release|Any CPU
	EndGlobalSection
	GlobalSection(SolutionProperties) = preSolution
		HideSolutionNode = FALSE
	EndGlobalSection
EndGlobal
